<?xml version="1.0" encoding="utf-8"?>
<Project ToolsVersion="4.0" xmlns="http://schemas.microsoft.com/developer/msbuild/2003">
  <ItemGroup>
    <Filter Include="MessageProcessor">
      <UniqueIdentifier>{b564e227-c770-439e-91a8-76669bf24c34}</UniqueIdentifier>
    </Filter>
    <Filter Include="Logger">
      <UniqueIdentifier>{9f5c110a-22d9-4d33-b933-cf2e13360311}</UniqueIdentifier>
    </Filter>
    <Filter Include="Backend">
      <UniqueIdentifier>{b7935340-dc34-42c9-8f0a-1f8020b6d663}</UniqueIdentifier>
    </Filter>
    <Filter Include="PaymentTerminal">
      <UniqueIdentifier>{b4c8ce5d-9fc9-409b-9c74-154a7764fdf5}</UniqueIdentifier>
    </Filter>
    <Filter Include="HAL">
      <UniqueIdentifier>{9b387f58-7272-4860-af68-c0dd32044603}</UniqueIdentifier>
    </Filter>
    <Filter Include="Connection">
      <UniqueIdentifier>{daec3b87-54ca-41de-8aa5-24b1a5992ed2}</UniqueIdentifier>
    </Filter>
    <Filter Include="Connection\USB">
      <UniqueIdentifier>{c78a2f6a-6158-4348-976e-83668d0a010f}</UniqueIdentifier>
    </Filter>
    <Filter Include="Connection\Serial">
      <UniqueIdentifier>{8b1425f6-2513-403b-b8d0-016560498859}</UniqueIdentifier>
    </Filter>
  </ItemGroup>
  <ItemGroup>
    <ClCompile Include="Logger\Logger.cpp">
      <Filter>Logger</Filter>
    </ClCompile>
    <ClCompile Include="MessageProcessor\MessageProcessor.cpp">
      <Filter>MessageProcessor</Filter>
    </ClCompile>
    <ClCompile Include="PaymentTerminal\PaymentTerminal.cpp">
      <Filter>PaymentTerminal</Filter>
    </ClCompile>
    <ClCompile Include="Connection\Serial\SerialConnection.cpp">
      <Filter>Connection\Serial</Filter>
    </ClCompile>
    <ClCompile Include="Connection\USB\USBConnection.cpp">
      <Filter>Connection\USB</Filter>
    </ClCompile>
    <ClCompile Include="Connection\ConnectionManager.cpp">
      <Filter>Connection</Filter>
    </ClCompile>
    <ClCompile Include="HAL\HAL.cpp">
      <Filter>HAL</Filter>
    </ClCompile>
    <ClCompile Include="Backend\MockBackend.cpp">
      <Filter>Backend</Filter>
    </ClCompile>
  </ItemGroup>
  <ItemGroup>
    <ClInclude Include="Logger\Logger.h">
      <Filter>Logger</Filter>
    </ClInclude>
    <ClInclude Include="MessageProcessor\MessageProcessor.h">
      <Filter>MessageProcessor</Filter>
    </ClInclude>
    <ClInclude Include="PaymentTerminal\PaymentTerminal.h">
      <Filter>PaymentTerminal</Filter>
    </ClInclude>
    <ClInclude Include="Connection\Serial\SerialConnection.h">
      <Filter>Connection\Serial</Filter>
    </ClInclude>
    <ClInclude Include="Connection\USB\USBConnection.h">
      <Filter>Connection\USB</Filter>
    </ClInclude>
    <ClInclude Include="Connection\ConnectionManager.h">
      <Filter>Connection</Filter>
    </ClInclude>
    <ClInclude Include="Connection\IConnection.h">
      <Filter>Connection</Filter>
    </ClInclude>
    <ClInclude Include="HAL\HAL.h">
      <Filter>HAL</Filter>
    </ClInclude>
    <ClInclude Include="Backend\IBackend.h">
      <Filter>Backend</Filter>
    </ClInclude>
    <ClInclude Include="Backend\MockBackend.h">
      <Filter>Backend</Filter>
    </ClInclude>
  </ItemGroup>
</Project>